{
  "name": "video-editor",
  "version": "0.0.1",
  "lockfileVersion": 1,
  "requires": true,
  "dependencies": {
    "@ffmpeg/core": {
      "version": "0.5.0",
      "resolved": "https://registry.npmjs.org/@ffmpeg/core/-/core-0.5.0.tgz",
      "integrity": "sha512-IwccUO0ZchshMyYVfITT3c+X/S2721eiNuggxJcrC0oOyhWzUIGlule74vPDDcke6wTAVJ333WozuJgGsTYF2A=="
    },
    "@ffmpeg/ffmpeg": {
      "version": "0.4.1",
      "resolved": "https://registry.npmjs.org/@ffmpeg/ffmpeg/-/ffmpeg-0.4.1.tgz",
      "integrity": "sha512-ElnKoZtsrXpgX05Mz4JDs3V3W4DBK9P4uHZeNBFzSvaxlP/eoavxTy+C+xz8XGOonHKwNsjv/HsDOvVsqp4ugA==",
      "requires": {
        "@ffmpeg/core": "^0.5.0",
        "idb": "^4.0.5",
        "is-url": "^1.2.4",
        "node-fetch": "^2.6.0",
        "regenerator-runtime": "^0.13.3",
        "resolve-url": "^0.2.1"
      }
    },
    "idb": {
      "version": "4.0.5",
      "resolved": "https://registry.npmjs.org/idb/-/idb-4.0.5.tgz",
      "integrity": "sha512-P+Fk9HT2h1DhXoE1YNK183SY+CRh2GHNh28de94sGwhe0bUA75JJeVJWt3SenE5p0BXK7maflIq29dl6UZHrFw=="
    },
    "is-url": {
      "version": "1.2.4",
      "resolved": "https://registry.npmjs.org/is-url/-/is-url-1.2.4.tgz",
      "integrity": "sha512-ITvGim8FhRiYe4IQ5uHSkj7pVaPDrCTkNd3yq3cV7iZAcJdHTUMPMEHcqSOy9xZ9qFenQCvi+2wjH9a1nXqHww=="
    },
    "node-fetch": {
      "version": "2.6.1",
      "resolved": "https://registry.npmjs.org/node-fetch/-/node-fetch-2.6.1.tgz",
      "integrity": "sha512-V4aYg89jEoVRxRb2fJdAg8FHvI7cEyYdVAh94HH0UIK8oJxUfkjlDQN9RbMx+bEjP7+ggMiFRprSti032Oipxw=="
    },
    "regenerator-runtime": {
      "version": "0.13.3",
      "resolved": "https://registry.npmjs.org/regenerator-runtime/-/regenerator-runtime-0.13.3.tgz",
      "integrity": "sha512-naKIZz2GQ8JWh///G7L3X6LaQUAMp2lvb1rvwwsURe/VXwD6VMfr+/1NuNw3ag8v2kY1aQ/go5SNn79O9JU7yw=="
    },
    "resolve-url": {
      "version": "0.2.1",
      "resolved": "https://registry.npmjs.org/resolve-url/-/resolve-url-0.2.1.tgz",
      "integrity": "sha1-LGN/53yJOv0qZj/iGqkIAGjiBSo="
    }
  }
}
